
Microsoft Visual Studio Solution File, Format Version 12.00
# Visual Studio Version 16
VisualStudioVersion = 16.0.30503.244
MinimumVisualStudioVersion = 10.0.40219.1
Project("{FAE04EC0-301F-11D3-BF4B-00C04F79EFBC}") = "okt2.3", "okt2.3\okt2.3.csproj", "{DA84A63F-126B-491B-B5B4-EEA6C84D1A9A}"
EndProject
Global
	GlobalSection(SolutionConfigurationPlatforms) = preSolution
		Debug|Any CPU = Debug|Any CPU
		Release|Any CPU = Release|Any CPU
	EndGlobalSection
	GlobalSection(ProjectConfigurationPlatforms) = postSolution
		{DA84A63F-126B-491B-B5B4-EEA6C84D1A9A}.Debug|Any CPU.ActiveCfg = Debug|Any CPU
		{DA84A63F-126B-491B-B5B4-EEA6C84D1A9A}.Debug|Any CPU.Build.0 = Debug|Any CPU
		{DA84A63F-126B-491B-B5B4-EEA6C84D1A9A}.Release|Any CPU.ActiveCfg = Release|Any CPU
		{DA84A63F-126B-491B-B5B4-EEA6C84D1A9A}.Release|Any CPU.Build.0 = Release|Any CPU
	EndGlobalSection
	GlobalSection(SolutionProperties) = preSolution
		HideSolutionNode = FALSE
	EndGlobalSection
	GlobalSection(ExtensibilityGlobals) = postSolution
		SolutionGuid = {5B324A7E-983F-4B4A-9B4C-D70CF4A76D1C}
	EndGlobalSection
EndGlobal
