
Microsoft Visual Studio Solution File, Format Version 12.00
# Visual Studio Version 16
VisualStudioVersion = 16.0.31005.135
MinimumVisualStudioVersion = 10.0.40219.1
Project("{888888A0-9F3D-457C-B088-3A5042F75D52}") = "Task 3", "Task 3\Task 3.pyproj", "{308D99A2-01CB-4689-91B4-9C4982DFB230}"
EndProject
Global
	GlobalSection(SolutionConfigurationPlatforms) = preSolution
		Debug|Any CPU = Debug|Any CPU
		Release|Any CPU = Release|Any CPU
	EndGlobalSection
	GlobalSection(ProjectConfigurationPlatforms) = postSolution
		{308D99A2-01CB-4689-91B4-9C4982DFB230}.Debug|Any CPU.ActiveCfg = Debug|Any CPU
		{308D99A2-01CB-4689-91B4-9C4982DFB230}.Release|Any CPU.ActiveCfg = Release|Any CPU
	EndGlobalSection
	GlobalSection(SolutionProperties) = preSolution
		HideSolutionNode = FALSE
	EndGlobalSection
	GlobalSection(ExtensibilityGlobals) = postSolution
		SolutionGuid = {D6B911CE-E9C1-4504-A17F-C1931BE29A88}
	EndGlobalSection
EndGlobal
