
Microsoft Visual Studio Solution File, Format Version 12.00
# Visual Studio Version 16
VisualStudioVersion = 16.0.31005.135
MinimumVisualStudioVersion = 10.0.40219.1
Project("{888888A0-9F3D-457C-B088-3A5042F75D52}") = "StartBot", "StartBot\StartBot.pyproj", "{506B8CB5-8A86-4E9E-90F0-79EA008BFB30}"
EndProject
Global
	GlobalSection(SolutionConfigurationPlatforms) = preSolution
		Debug|Any CPU = Debug|Any CPU
		Release|Any CPU = Release|Any CPU
	EndGlobalSection
	GlobalSection(ProjectConfigurationPlatforms) = postSolution
		{506B8CB5-8A86-4E9E-90F0-79EA008BFB30}.Debug|Any CPU.ActiveCfg = Debug|Any CPU
		{506B8CB5-8A86-4E9E-90F0-79EA008BFB30}.Release|Any CPU.ActiveCfg = Release|Any CPU
	EndGlobalSection
	GlobalSection(SolutionProperties) = preSolution
		HideSolutionNode = FALSE
	EndGlobalSection
	GlobalSection(ExtensibilityGlobals) = postSolution
		SolutionGuid = {D03A08B5-7D05-4A09-BD0B-D65B11B4029F}
	EndGlobalSection
EndGlobal
