
Microsoft Visual Studio Solution File, Format Version 12.00
# Visual Studio Version 16
VisualStudioVersion = 16.0.30503.244
MinimumVisualStudioVersion = 10.0.40219.1
Project("{888888A0-9F3D-457C-B088-3A5042F75D52}") = "Task 1", "Task 1\Task 1.pyproj", "{6A9D9BE9-FD66-4DD0-B4F5-C369EDDCF7EE}"
EndProject
Global
	GlobalSection(SolutionConfigurationPlatforms) = preSolution
		Debug|Any CPU = Debug|Any CPU
		Release|Any CPU = Release|Any CPU
	EndGlobalSection
	GlobalSection(ProjectConfigurationPlatforms) = postSolution
		{6A9D9BE9-FD66-4DD0-B4F5-C369EDDCF7EE}.Debug|Any CPU.ActiveCfg = Debug|Any CPU
		{6A9D9BE9-FD66-4DD0-B4F5-C369EDDCF7EE}.Release|Any CPU.ActiveCfg = Release|Any CPU
	EndGlobalSection
	GlobalSection(SolutionProperties) = preSolution
		HideSolutionNode = FALSE
	EndGlobalSection
	GlobalSection(ExtensibilityGlobals) = postSolution
		SolutionGuid = {79A6FDE0-9E5A-4A9B-96DE-BA42853CBFDA}
	EndGlobalSection
EndGlobal
